{
  "lockfile_version": "1",
  "packages": {
    "bash@latest": {
      "last_modified": "2026-07-05T01:29:37Z",
      "resolved": "github:NixOS/nixpkgs/6edbf1a6a03e75886a6609c088801a0856449e88#bash",
      "source": "devbox-search",
      "version": "5.3p9",
      "systems": {
        "aarch64-darwin": {
          "outputs": [
            {
              "name": "out",
              "path": "/nix/store/72yw9glj9rk3xwymwwp965869gn6k3dz-bash-interactive-5.3p9",
              "default": true
            },
            {
              "name": "man",
              "path": "/nix/store/cb26fjmxq6rhrqvk9h9qyrll5bvzm9w2-bash-interactive-5.3p9-man",
              "default": true
            },
            {
              "name": "dev",
              "path": "/nix/store/zjz2idnk0472n1b3ccwdvxav6r5jyhyh-bash-interactive-5.3p9-dev"
            },
            {
              "name": "doc",
              "path": "/nix/store/2si7fhkqf78zm30l8drk7klf23zy264i-bash-interactive-5.3p9-doc"
            },
            {
              "name": "info",
              "path": "/nix/store/acs5a2mkvf43ch1ki7x35k912mwswz64-bash-interactive-5.3p9-info"
            }
          ],
          "store_path": "/nix/store/72yw9glj9rk3xwymwwp965869gn6k3dz-bash-interactive-5.3p9"
        },
        "aarch64-linux": {
          "outputs": [
            {
              "name": "out",
              "path": "/nix/store/q1nq6fylbczrsj7k9bqc9dzf660q63v3-bash-interactive-5.3p9",
              "default": true
            },
            {
              "name": "man",
              "path": "/nix/store/yr5kcgw6l49b2n00s5mswg4nbr1pky02-bash-interactive-5.3p9-man",
              "default": true
            },
            {
              "name": "debug",
              "path": "/nix/store/xs5q4qamsvs2zljk8nghpancz4dm2wc2-bash-interactive-5.3p9-debug"
            },
            {
              "name": "dev",
              "path": "/nix/store/w1hz8hiqma3iv3khyvxbmcnjspm1m064-bash-interactive-5.3p9-dev"
            },
            {
              "name": "doc",
              "path": "/nix/store/rwpc8la3r9k3i4w0vl8mdfvcknaw83b7-bash-interactive-5.3p9-doc"
            },
            {
              "name": "info",
              "path": "/nix/store/s3l63ni9jpglca0b1cd2hrk1a2q4y8v1-bash-interactive-5.3p9-info"
            }
          ],
          "store_path": "/nix/store/q1nq6fylbczrsj7k9bqc9dzf660q63v3-bash-interactive-5.3p9"
        },
        "x86_64-darwin": {
          "outputs": [
            {
              "name": "out",
              "path": "/nix/store/9a17cl5bfjsv3k8nk5flvw3cpb0wj475-bash-interactive-5.3p9",
              "default": true
            },
            {
              "name": "man",
              "path": "/nix/store/iaczqmz4gcbbrfkis26vccki5ikfmq5f-bash-interactive-5.3p9-man",
              "default": true
            },
            {
              "name": "dev",
              "path": "/nix/store/wgr49gwvsndc3sxixqx2l6zzs4vsy491-bash-interactive-5.3p9-dev"
            },
            {
              "name": "doc",
              "path": "/nix/store/g0sfzlvvzcc0zggisi0cyrl85ss73rsi-bash-interactive-5.3p9-doc"
            },
            {
              "name": "info",
              "path": "/nix/store/2rz7yhyblhd493hyav8awfr4rjgrf2sq-bash-interactive-5.3p9-info"
            }
          ],
          "store_path": "/nix/store/9a17cl5bfjsv3k8nk5flvw3cpb0wj475-bash-interactive-5.3p9"
        },
        "x86_64-linux": {
          "outputs": [
            {
              "name": "out",
              "path": "/nix/store/0641h8qfqaxnwrsw2nzrz6i1wbzyx92l-bash-interactive-5.3p9",
              "default": true
            },
            {
              "name": "man",
              "path": "/nix/store/b67fr4nba948zxxpmdsnzqr06l9fnnag-bash-interactive-5.3p9-man",
              "default": true
            },
            {
              "name": "dev",
              "path": "/nix/store/44fi33grmrbkp2h80a31mqj5lqd3qfwp-bash-interactive-5.3p9-dev"
            },
            {
              "name": "doc",
              "path": "/nix/store/5j2akpmlk107gzdqkms35r3nwhkwnibh-bash-interactive-5.3p9-doc"
            },
            {
              "name": "info",
              "path": "/nix/store/pspjmjsphdkjsi20gpxh2p1aq6p73n1c-bash-interactive-5.3p9-info"
            },
            {
              "name": "debug",
              "path": "/nix/store/l76krav3w28kmd2b00lb687i1ykswvp0-bash-interactive-5.3p9-debug"
            }
          ],
          "store_path": "/nix/store/0641h8qfqaxnwrsw2nzrz6i1wbzyx92l-bash-interactive-5.3p9"
        }
      }
    },
    "git@latest": {
      "last_modified": "2026-06-27T07:37:20Z",
      "resolved": "github:NixOS/nixpkgs/3d46470bb3030020f7e1361f33514854f5bfa86d#git",
      "source": "devbox-search",
      "version": "2.54.0",
      "systems": {
        "aarch64-darwin": {
          "outputs": [
            {
              "name": "out",
              "path": "/nix/store/7p841rdaha0pj23srg7lrwpnlaxyr7gr-git-2.54.0",
              "default": true
            },
            {
              "name": "doc",
              "path": "/nix/store/53n75imxnfbr1nbkll4djg98r9vg1lyw-git-2.54.0-doc"
            }
          ],
          "store_path": "/nix/store/7p841rdaha0pj23srg7lrwpnlaxyr7gr-git-2.54.0"
        },
        "aarch64-linux": {
          "outputs": [
            {
              "name": "out",
              "path": "/nix/store/j76bc0jffq323b6kvrckky5152h0pfdk-git-2.54.0",
              "default": true
            },
            {
              "name": "debug",
              "path": "/nix/store/hi8y2a7kxz94pmnfh3k2gp2mzr57xmqd-git-2.54.0-debug"
            },
            {
              "name": "doc",
              "path": "/nix/store/ms4bxp0svz53yzxqwfzp5lwp22v11m7d-git-2.54.0-doc"
            }
          ],
          "store_path": "/nix/store/j76bc0jffq323b6kvrckky5152h0pfdk-git-2.54.0"
        },
        "x86_64-darwin": {
          "outputs": [
            {
              "name": "out",
              "path": "/nix/store/x671lak90qvcxgc5irp4xv5zdbaym2yr-git-2.54.0",
              "default": true
            },
            {
              "name": "doc",
              "path": "/nix/store/zakmjh312hmg2yslsyqmnw8lb8dgmyyk-git-2.54.0-doc"
            }
          ],
          "store_path": "/nix/store/x671lak90qvcxgc5irp4xv5zdbaym2yr-git-2.54.0"
        },
        "x86_64-linux": {
          "outputs": [
            {
              "name": "out",
              "path": "/nix/store/k3wl6cg7q50zkx47af3msmg1yrg1f203-git-2.54.0",
              "default": true
            },
            {
              "name": "doc",
              "path": "/nix/store/9a0f1mfx8n1b8y64qx9999pq70j48ms6-git-2.54.0-doc"
            },
            {
              "name": "debug",
              "path": "/nix/store/7bjwn43x9gcaf249d8l651083ri033dy-git-2.54.0-debug"
            }
          ],
          "store_path": "/nix/store/k3wl6cg7q50zkx47af3msmg1yrg1f203-git-2.54.0"
        }
      }
    },
    "github:NixOS/nixpkgs/nixpkgs-unstable": {
      "last_modified": "2026-07-13T04:04:42Z",
      "resolved": "github:NixOS/nixpkgs/6cdc7fc76e8bf7fde9fa43a849fcaaa70e230dee?lastModified=1783915482"
    },
    "nodejs@24": {
      "last_modified": "2025-12-27T12:56:01Z",
      "plugin_version": "0.0.4",
      "resolved": "github:NixOS/nixpkgs/3edc4a30ed3903fdf6f90c837f961fa6b49582d1#nodejs_24",
      "source": "devbox-search",
      "version": "24.12.0",
      "systems": {
        "aarch64-darwin": {
          "outputs": [
            {
              "name": "out",
              "path": "/nix/store/b1h0af3yb3z9jz048phclcqw6ihiww67-nodejs-24.12.0",
              "default": true
            },
            {
              "name": "dev",
              "path": "/nix/store/ksn4nj0nbp0ikmh4scy9x4biqqdswwhy-nodejs-24.12.0-dev"
            },
            {
              "name": "libv8",
              "path": "/nix/store/3x72bm7l30ib7l7cximrp0sklcq8jqwy-nodejs-24.12.0-libv8"
            }
          ],
          "store_path": "/nix/store/b1h0af3yb3z9jz048phclcqw6ihiww67-nodejs-24.12.0"
        },
        "aarch64-linux": {
          "outputs": [
            {
              "name": "out",
              "path": "/nix/store/9jfsyhcr9c6rpm94lrkibv75jkggvwss-nodejs-24.12.0",
              "default": true
            },
            {
              "name": "dev",
              "path": "/nix/store/7izhv9x1yvsmyrhmmyps6bxjjclajm80-nodejs-24.12.0-dev"
            },
            {
              "name": "libv8",
              "path": "/nix/store/8hl74pnc1qyz68rg10ixw7fz32hcxqkk-nodejs-24.12.0-libv8"
            }
          ],
          "store_path": "/nix/store/9jfsyhcr9c6rpm94lrkibv75jkggvwss-nodejs-24.12.0"
        },
        "x86_64-darwin": {
          "outputs": [
            {
              "name": "out",
              "path": "/nix/store/cj1243xswxvnwgifyiyg8axhn0r2vl48-nodejs-24.12.0",
              "default": true
            },
            {
              "name": "dev",
              "path": "/nix/store/kzia3rkaf9vwpn3py23q9v49jpjm6zx7-nodejs-24.12.0-dev"
            },
            {
              "name": "libv8",
              "path": "/nix/store/xszji81xj7ghjhz7jk0jkhb84nfwyd8f-nodejs-24.12.0-libv8"
            }
          ],
          "store_path": "/nix/store/cj1243xswxvnwgifyiyg8axhn0r2vl48-nodejs-24.12.0"
        },
        "x86_64-linux": {
          "outputs": [
            {
              "name": "out",
              "path": "/nix/store/9z1v3wyrxp6fpyzw21lcakd5w7aknzyc-nodejs-24.12.0",
              "default": true
            },
            {
              "name": "libv8",
              "path": "/nix/store/5yvx909wlis13qd2y1ahwl7ij21ma69a-nodejs-24.12.0-libv8"
            },
            {
              "name": "dev",
              "path": "/nix/store/7ll99p08gmpg0n048669p80zjibl5akr-nodejs-24.12.0-dev"
            }
          ],
          "store_path": "/nix/store/9z1v3wyrxp6fpyzw21lcakd5w7aknzyc-nodejs-24.12.0"
        }
      }
    },
    "ruby@3.3.6": {
      "last_modified": "2025-03-11T17:52:14Z",
      "plugin_version": "0.0.2",
      "resolved": "github:NixOS/nixpkgs/0d534853a55b5d02a4ababa1d71921ce8f0aee4c#ruby",
      "source": "devbox-search",
      "version": "3.3.6",
      "systems": {
        "aarch64-darwin": {
          "outputs": [
            {
              "name": "out",
              "path": "/nix/store/993z2m53gyiasq56hb2mqprvx8nssza7-ruby-3.3.6",
              "default": true
            },
            {
              "name": "devdoc",
              "path": "/nix/store/jd5f07rrjz0x0330cfx68gvw9lrzjz8w-ruby-3.3.6-devdoc"
            }
          ],
          "store_path": "/nix/store/993z2m53gyiasq56hb2mqprvx8nssza7-ruby-3.3.6"
        },
        "aarch64-linux": {
          "outputs": [
            {
              "name": "out",
              "path": "/nix/store/dcdpq801xdnzq2ylhmyj8l8vyzdqgigf-ruby-3.3.6",
              "default": true
            },
            {
              "name": "devdoc",
              "path": "/nix/store/mph41qfkqcxlwfphpvjqbq13x2kkrldm-ruby-3.3.6-devdoc"
            }
          ],
          "store_path": "/nix/store/dcdpq801xdnzq2ylhmyj8l8vyzdqgigf-ruby-3.3.6"
        },
        "x86_64-darwin": {
          "outputs": [
            {
              "name": "out",
              "path": "/nix/store/lldwfqrdyl4z0ahvd5djd2x87pdbvq2q-ruby-3.3.6",
              "default": true
            },
            {
              "name": "devdoc",
              "path": "/nix/store/zkwc0vscv5j6jf8kjzaszcmrb4wwq98f-ruby-3.3.6-devdoc"
            }
          ],
          "store_path": "/nix/store/lldwfqrdyl4z0ahvd5djd2x87pdbvq2q-ruby-3.3.6"
        },
        "x86_64-linux": {
          "outputs": [
            {
              "name": "out",
              "path": "/nix/store/xk96lh29cjq0ak8zf89as6yk3wj7zh0x-ruby-3.3.6",
              "default": true
            },
            {
              "name": "devdoc",
              "path": "/nix/store/2h68kzh5bv60l4bq814r0my8brk93lcg-ruby-3.3.6-devdoc"
            }
          ],
          "store_path": "/nix/store/xk96lh29cjq0ak8zf89as6yk3wj7zh0x-ruby-3.3.6"
        }
      }
    },
    "yarn@latest": {
      "last_modified": "2026-06-27T07:37:20Z",
      "resolved": "github:NixOS/nixpkgs/3d46470bb3030020f7e1361f33514854f5bfa86d#yarn",
      "source": "devbox-search",
      "version": "1.22.22",
      "systems": {
        "aarch64-darwin": {
          "outputs": [
            {
              "name": "out",
              "path": "/nix/store/sx9rakrkpilpsg6i7h8cm5za59mhhkzn-yarn-1.22.22",
              "default": true
            }
          ],
          "store_path": "/nix/store/sx9rakrkpilpsg6i7h8cm5za59mhhkzn-yarn-1.22.22"
        },
        "aarch64-linux": {
          "outputs": [
            {
              "name": "out",
              "path": "/nix/store/zfsymj24rpap39cybys5fvybpfsb8aza-yarn-1.22.22",
              "default": true
            }
          ],
          "store_path": "/nix/store/zfsymj24rpap39cybys5fvybpfsb8aza-yarn-1.22.22"
        },
        "x86_64-darwin": {
          "outputs": [
            {
              "name": "out",
              "path": "/nix/store/ypqd29hkv7w6gdsaix8r186w2syvirn9-yarn-1.22.22",
              "default": true
            }
          ],
          "store_path": "/nix/store/ypqd29hkv7w6gdsaix8r186w2syvirn9-yarn-1.22.22"
        },
        "x86_64-linux": {
          "outputs": [
            {
              "name": "out",
              "path": "/nix/store/8k3lzl1jhql4vvqwsxcy938blp1n0s02-yarn-1.22.22",
              "default": true
            }
          ],
          "store_path": "/nix/store/8k3lzl1jhql4vvqwsxcy938blp1n0s02-yarn-1.22.22"
        }
      }
    }
  }
}
